
Microsoft Visual Studio Solution File, Format Version 12.00
# Visual Studio Version 16
VisualStudioVersion = 16.0.31424.327
MinimumVisualStudioVersion = 10.0.40219.1
Project("{FAE04EC0-301F-11D3-BF4B-00C04F79EFBC}") = "OpeningHours", "OpeningHours\OpeningHours.csproj", "{4F65A340-AE6C-428F-9C5B-7AE976F052D0}"
EndProject
Global
	GlobalSection(SolutionConfigurationPlatforms) = preSolution
		Debug|Any CPU = Debug|Any CPU
		Release|Any CPU = Release|Any CPU
	EndGlobalSection
	GlobalSection(ProjectConfigurationPlatforms) = postSolution
		{4F65A340-AE6C-428F-9C5B-7AE976F052D0}.Debug|Any CPU.ActiveCfg = Debug|Any CPU
		{4F65A340-AE6C-428F-9C5B-7AE976F052D0}.Debug|Any CPU.Build.0 = Debug|Any CPU
		{4F65A340-AE6C-428F-9C5B-7AE976F052D0}.Release|Any CPU.ActiveCfg = Release|Any CPU
		{4F65A340-AE6C-428F-9C5B-7AE976F052D0}.Release|Any CPU.Build.0 = Release|Any CPU
	EndGlobalSection
	GlobalSection(SolutionProperties) = preSolution
		HideSolutionNode = FALSE
	EndGlobalSection
	GlobalSection(ExtensibilityGlobals) = postSolution
		SolutionGuid = {839DDCFC-A435-4F80-8574-D7A4DEE9EB47}
	EndGlobalSection
EndGlobal
